lockfileVersion: '9.0'

settings:
  autoInstallPeers: true
  excludeLinksFromLockfile: false

importers:

  .:
    dependencies:
      '@fullcalendar/daygrid':
        specifier: ^6.1.17
        version: 6.1.17(@fullcalendar/core@6.1.17)
      '@fullcalendar/interaction':
        specifier: ^6.1.17
        version: 6.1.17(@fullcalendar/core@6.1.17)
      '@fullcalendar/react':
        specifier: ^6.1.17
        version: 6.1.17(@fullcalendar/core@6.1.17)(react-dom@19.1.0(react@19.1.0))(react@19.1.0)
      '@fullcalendar/timegrid':
        specifier: ^6.1.17
        version: 6.1.17(@fullcalendar/core@6.1.17)

packages:

  '@fullcalendar/core@6.1.17':
    resolution: {integrity: sha512-0W7lnIrv18ruJ5zeWBeNZXO8qCWlzxDdp9COFEsZnyNjiEhUVnrW/dPbjRKYpL0edGG0/Lhs0ghp1z/5ekt8ZA==}

  '@fullcalendar/daygrid@6.1.17':
    resolution: {integrity: sha512-K7m+pd7oVJ9fW4h7CLDdDGJbc9szJ1xDU1DZ2ag+7oOo1aCNLv44CehzkkknM6r8EYlOOhgaelxQpKAI4glj7A==}
    peerDependencies:
      '@fullcalendar/core': ~6.1.17

  '@fullcalendar/interaction@6.1.17':
    resolution: {integrity: sha512-AudvQvgmJP2FU89wpSulUUjeWv24SuyCx8FzH2WIPVaYg+vDGGYarI7K6PcM3TH7B/CyaBjm5Rqw9lXgnwt5YA==}
    peerDependencies:
      '@fullcalendar/core': ~6.1.17

  '@fullcalendar/react@6.1.17':
    resolution: {integrity: sha512-AA8soHhlfRH5dUeqHnfAtzDiXa2vrgWocJSK/F5qzw/pOxc9MqpuoS/nQBROWtHHg6yQUg3DoGqOOhi7dmylXQ==}
    peerDependencies:
      '@fullcalendar/core': ~6.1.17
      react: ^16.7.0 || ^17 || ^18 || ^19
      react-dom: ^16.7.0 || ^17 || ^18 || ^19

  '@fullcalendar/timegrid@6.1.17':
    resolution: {integrity: sha512-K4PlA3L3lclLOs3IX8cvddeiJI9ZVMD7RA9IqaWwbvac771971foc9tFze9YY+Pqesf6S+vhS2dWtEVlERaGlQ==}
    peerDependencies:
      '@fullcalendar/core': ~6.1.17

  preact@10.12.1:
    resolution: {integrity: sha512-l8386ixSsBdbreOAkqtrwqHwdvR35ID8c3rKPa8lCWuO86dBi32QWHV4vfsZK1utLLFMvw+Z5Ad4XLkZzchscg==}

  react-dom@19.1.0:
    resolution: {integrity: sha512-Xs1hdnE+DyKgeHJeJznQmYMIBG3TKIHJJT95Q58nHLSrElKlGQqDTR2HQ9fx5CN/Gk6Vh/kupBTDLU11/nDk/g==}
    peerDependencies:
      react: ^19.1.0

  react@19.1.0:
    resolution: {integrity: sha512-FS+XFBNvn3GTAWq26joslQgWNoFu08F4kl0J4CgdNKADkdSGXQyTCnKteIAJy96Br6YbpEU1LSzV5dYtjMkMDg==}
    engines: {node: '>=0.10.0'}

  scheduler@0.26.0:
    resolution: {integrity: sha512-NlHwttCI/l5gCPR3D1nNXtWABUmBwvZpEQiD4IXSbIDq8BzLIK/7Ir5gTFSGZDUu37K5cMNp0hFtzO38sC7gWA==}

snapshots:

  '@fullcalendar/core@6.1.17':
    dependencies:
      preact: 10.12.1

  '@fullcalendar/daygrid@6.1.17(@fullcalendar/core@6.1.17)':
    dependencies:
      '@fullcalendar/core': 6.1.17

  '@fullcalendar/interaction@6.1.17(@fullcalendar/core@6.1.17)':
    dependencies:
      '@fullcalendar/core': 6.1.17

  '@fullcalendar/react@6.1.17(@fullcalendar/core@6.1.17)(react-dom@19.1.0(react@19.1.0))(react@19.1.0)':
    dependencies:
      '@fullcalendar/core': 6.1.17
      react: 19.1.0
      react-dom: 19.1.0(react@19.1.0)

  '@fullcalendar/timegrid@6.1.17(@fullcalendar/core@6.1.17)':
    dependencies:
      '@fullcalendar/core': 6.1.17
      '@fullcalendar/daygrid': 6.1.17(@fullcalendar/core@6.1.17)

  preact@10.12.1: {}

  react-dom@19.1.0(react@19.1.0):
    dependencies:
      react: 19.1.0
      scheduler: 0.26.0

  react@19.1.0: {}

  scheduler@0.26.0: {}
